
Microsoft Visual Studio Solution File, Format Version 12.00
# Visual Studio Version 17
VisualStudioVersion = 17.8.34322.80
MinimumVisualStudioVersion = 10.0.40219.1
Project("{FAE04EC0-301F-11D3-BF4B-00C04F79EFBC}") = "EntregaModulo6", "EntregaModulo6\EntregaModulo6.csproj", "{24CF59E5-1182-4A96-B3BD-51B6D4DC6880}"
EndProject
Global
	GlobalSection(SolutionConfigurationPlatforms) = preSolution
		Debug|Any CPU = Debug|Any CPU
		Release|Any CPU = Release|Any CPU
	EndGlobalSection
	GlobalSection(ProjectConfigurationPlatforms) = postSolution
		{24CF59E5-1182-4A96-B3BD-51B6D4DC6880}.Debug|Any CPU.ActiveCfg = Debug|Any CPU
		{24CF59E5-1182-4A96-B3BD-51B6D4DC6880}.Debug|Any CPU.Build.0 = Debug|Any CPU
		{24CF59E5-1182-4A96-B3BD-51B6D4DC6880}.Release|Any CPU.ActiveCfg = Release|Any CPU
		{24CF59E5-1182-4A96-B3BD-51B6D4DC6880}.Release|Any CPU.Build.0 = Release|Any CPU
	EndGlobalSection
	GlobalSection(SolutionProperties) = preSolution
		HideSolutionNode = FALSE
	EndGlobalSection
	GlobalSection(ExtensibilityGlobals) = postSolution
		SolutionGuid = {F9235169-A74D-4347-9268-6850803E342F}
	EndGlobalSection
EndGlobal
